
Microsoft Visual Studio Solution File, Format Version 12.00
# Visual Studio Version 16
VisualStudioVersion = 16.0.30204.135
MinimumVisualStudioVersion = 10.0.40219.1
Project("{FAE04EC0-301F-11D3-BF4B-00C04F79EFBC}") = "OybabServer", "TradingSystem\OybabServer\OybabServer.csproj", "{5167DD62-3F2A-416B-89BA-DC2770CC0999}"
EndProject
Project("{2150E333-8FDC-42A3-9474-1A3956D46DE8}") = "Server", "Server", "{59E63CC3-CBB0-4B25-A910-BEBC970D83F4}"
EndProject
Project("{FAE04EC0-301F-11D3-BF4B-00C04F79EFBC}") = "OybabTrans", "TradingSystem\OybabTrans\OybabTrans.csproj", "{034D114A-2A5E-4C1F-AE83-CEA291022DE9}"
EndProject
Project("{FAE04EC0-301F-11D3-BF4B-00C04F79EFBC}") = "OybabServerManager", "TradingSystem\OybabServerManager\OybabServerManager.csproj", "{4F231DE9-EE14-428C-86F3-3321357A6ABA}"
EndProject
Project("{2150E333-8FDC-42A3-9474-1A3956D46DE8}") = "Service", "Service", "{C5D2B9BA-15DB-45AE-BBA7-E89830B4CDCD}"
EndProject
Project("{FAE04EC0-301F-11D3-BF4B-00C04F79EFBC}") = "OybabRes", "TradingSystem\OybabRes\OybabRes.csproj", "{195011A0-F46F-46E8-93D1-48B9ED5BFDE3}"
EndProject
Project("{FAE04EC0-301F-11D3-BF4B-00C04F79EFBC}") = "OybabServicePC", "TradingSystem\OybabServicePC\OybabServicePC.csproj", "{90DCA689-240B-4F97-A775-BCCF1F6E4835}"
EndProject
Project("{FAE04EC0-301F-11D3-BF4B-00C04F79EFBC}") = "OybabDAL", "TradingSystem\OybabDAL\OybabDAL.csproj", "{0410FD27-6456-4780-8854-5205B6CD8BBD}"
EndProject
Project("{FAE04EC0-301F-11D3-BF4B-00C04F79EFBC}") = "OybabServiceTablet", "TradingSystem\OybabServiceTablet\OybabServiceTablet.csproj", "{9390936E-DBE6-4F03-9CBA-3DA571D5A439}"
EndProject
Project("{FAE04EC0-301F-11D3-BF4B-00C04F79EFBC}") = "OybabReport", "TradingSystem\OybabReport\OybabReport.csproj", "{4A3DCC30-4346-47A0-874B-5674AB86F7BF}"
EndProject
Project("{2150E333-8FDC-42A3-9474-1A3956D46DE8}") = "Phone", "Phone", "{E046409E-A59D-4700-972E-9546283F297E}"
EndProject
Project("{9A19103F-16F7-4668-BE54-9A1E7A4F7556}") = "TradingSystemX", "TradingSystemX\TradingSystemX\TradingSystemX\TradingSystemX.csproj", "{9C3C7461-1566-4B6F-BA8A-8B1EEFE4791B}"
EndProject
Project("{FAE04EC0-301F-11D3-BF4B-00C04F79EFBC}") = "TradingSystemX.Android", "TradingSystemX\TradingSystemX\TradingSystemX.Android\TradingSystemX.Android.csproj", "{0096F737-4E19-4913-958D-598054370F78}"
EndProject
Project("{FAE04EC0-301F-11D3-BF4B-00C04F79EFBC}") = "TradingSystemX.iOS", "TradingSystemX\TradingSystemX\TradingSystemX.iOS\TradingSystemX.iOS.csproj", "{79431F56-02D7-4DDA-AF6D-F766E4DDDD90}"
EndProject
Project("{FAE04EC0-301F-11D3-BF4B-00C04F79EFBC}") = "TradingSystemX.UWP", "TradingSystemX\TradingSystemX\TradingSystemX.UWP\TradingSystemX.UWP.csproj", "{22908785-0144-458E-86E6-9F47C17C08F8}"
EndProject
Project("{FAE04EC0-301F-11D3-BF4B-00C04F79EFBC}") = "OybabServerConsoleHost", "TradingSystem\OybabServerConsoleHost\OybabServerConsoleHost.csproj", "{6CA72759-9A8C-4A94-A102-A162AF53A629}"
EndProject
Global
	GlobalSection(SolutionConfigurationPlatforms) = preSolution
		Debug|Any CPU = Debug|Any CPU
		Debug|ARM = Debug|ARM
		Debug|iPhone = Debug|iPhone
		Debug|iPhoneSimulator = Debug|iPhoneSimulator
		Debug|Mixed Platforms = Debug|Mixed Platforms
		Debug|x64 = Debug|x64
		Debug|x86 = Debug|x86
		Release|Any CPU = Release|Any CPU
		Release|ARM = Release|ARM
		Release|iPhone = Release|iPhone
		Release|iPhoneSimulator = Release|iPhoneSimulator
		Release|Mixed Platforms = Release|Mixed Platforms
		Release|x64 = Release|x64
		Release|x86 = Release|x86
	EndGlobalSection
	GlobalSection(ProjectConfigurationPlatforms) = postSolution
		{5167DD62-3F2A-416B-89BA-DC2770CC0999}.Debug|Any CPU.ActiveCfg = Debug|Any CPU
		{5167DD62-3F2A-416B-89BA-DC2770CC0999}.Debug|Any CPU.Build.0 = Debug|Any CPU
		{5167DD62-3F2A-416B-89BA-DC2770CC0999}.Debug|ARM.ActiveCfg = Debug|Any CPU
		{5167DD62-3F2A-416B-89BA-DC2770CC0999}.Debug|ARM.Build.0 = Debug|Any CPU
		{5167DD62-3F2A-416B-89BA-DC2770CC0999}.Debug|iPhone.ActiveCfg = Debug|Any CPU
		{5167DD62-3F2A-416B-89BA-DC2770CC0999}.Debug|iPhone.Build.0 = Debug|Any CPU
		{5167DD62-3F2A-416B-89BA-DC2770CC0999}.Debug|iPhoneSimulator.ActiveCfg = Debug|Any CPU
		{5167DD62-3F2A-416B-89BA-DC2770CC0999}.Debug|iPhoneSimulator.Build.0 = Debug|Any CPU
		{5167DD62-3F2A-416B-89BA-DC2770CC0999}.Debug|Mixed Platforms.ActiveCfg = Debug|Any CPU
		{5167DD62-3F2A-416B-89BA-DC2770CC0999}.Debug|Mixed Platforms.Build.0 = Debug|Any CPU
		{5167DD62-3F2A-416B-89BA-DC2770CC0999}.Debug|x64.ActiveCfg = Debug|Any CPU
		{5167DD62-3F2A-416B-89BA-DC2770CC0999}.Debug|x64.Build.0 = Debug|Any CPU
		{5167DD62-3F2A-416B-89BA-DC2770CC0999}.Debug|x86.ActiveCfg = Debug|Any CPU
		{5167DD62-3F2A-416B-89BA-DC2770CC0999}.Release|Any CPU.ActiveCfg = Release|Any CPU
		{5167DD62-3F2A-416B-89BA-DC2770CC0999}.Release|Any CPU.Build.0 = Release|Any CPU
		{5167DD62-3F2A-416B-89BA-DC2770CC0999}.Release|ARM.ActiveCfg = Release|Any CPU
		{5167DD62-3F2A-416B-89BA-DC2770CC0999}.Release|ARM.Build.0 = Release|Any CPU
		{5167DD62-3F2A-416B-89BA-DC2770CC0999}.Release|iPhone.ActiveCfg = Release|Any CPU
		{5167DD62-3F2A-416B-89BA-DC2770CC0999}.Release|iPhone.Build.0 = Release|Any CPU
		{5167DD62-3F2A-416B-89BA-DC2770CC0999}.Release|iPhoneSimulator.ActiveCfg = Release|Any CPU
		{5167DD62-3F2A-416B-89BA-DC2770CC0999}.Release|iPhoneSimulator.Build.0 = Release|Any CPU
		{5167DD62-3F2A-416B-89BA-DC2770CC0999}.Release|Mixed Platforms.ActiveCfg = Release|Any CPU
		{5167DD62-3F2A-416B-89BA-DC2770CC0999}.Release|Mixed Platforms.Build.0 = Release|Any CPU
		{5167DD62-3F2A-416B-89BA-DC2770CC0999}.Release|x64.ActiveCfg = Release|Any CPU
		{5167DD62-3F2A-416B-89BA-DC2770CC0999}.Release|x64.Build.0 = Release|Any CPU
		{5167DD62-3F2A-416B-89BA-DC2770CC0999}.Release|x86.ActiveCfg = Release|Any CPU
		{034D114A-2A5E-4C1F-AE83-CEA291022DE9}.Debug|Any CPU.ActiveCfg = Debug|Any CPU
		{034D114A-2A5E-4C1F-AE83-CEA291022DE9}.Debug|Any CPU.Build.0 = Debug|Any CPU
		{034D114A-2A5E-4C1F-AE83-CEA291022DE9}.Debug|ARM.ActiveCfg = Debug|Any CPU
		{034D114A-2A5E-4C1F-AE83-CEA291022DE9}.Debug|ARM.Build.0 = Debug|Any CPU
		{034D114A-2A5E-4C1F-AE83-CEA291022DE9}.Debug|iPhone.ActiveCfg = Debug|Any CPU
		{034D114A-2A5E-4C1F-AE83-CEA291022DE9}.Debug|iPhone.Build.0 = Debug|Any CPU
		{034D114A-2A5E-4C1F-AE83-CEA291022DE9}.Debug|iPhoneSimulator.ActiveCfg = Debug|Any CPU
		{034D114A-2A5E-4C1F-AE83-CEA291022DE9}.Debug|iPhoneSimulator.Build.0 = Debug|Any CPU
		{034D114A-2A5E-4C1F-AE83-CEA291022DE9}.Debug|Mixed Platforms.ActiveCfg = Debug|Any CPU
		{034D114A-2A5E-4C1F-AE83-CEA291022DE9}.Debug|Mixed Platforms.Build.0 = Debug|Any CPU
		{034D114A-2A5E-4C1F-AE83-CEA291022DE9}.Debug|x64.ActiveCfg = Debug|Any CPU
		{034D114A-2A5E-4C1F-AE83-CEA291022DE9}.Debug|x64.Build.0 = Debug|Any CPU
		{034D114A-2A5E-4C1F-AE83-CEA291022DE9}.Debug|x86.ActiveCfg = Debug|Any CPU
		{034D114A-2A5E-4C1F-AE83-CEA291022DE9}.Release|Any CPU.ActiveCfg = Release|Any CPU
		{034D114A-2A5E-4C1F-AE83-CEA291022DE9}.Release|Any CPU.Build.0 = Release|Any CPU
		{034D114A-2A5E-4C1F-AE83-CEA291022DE9}.Release|ARM.ActiveCfg = Release|Any CPU
		{034D114A-2A5E-4C1F-AE83-CEA291022DE9}.Release|ARM.Build.0 = Release|Any CPU
		{034D114A-2A5E-4C1F-AE83-CEA291022DE9}.Release|iPhone.ActiveCfg = Release|Any CPU
		{034D114A-2A5E-4C1F-AE83-CEA291022DE9}.Release|iPhone.Build.0 = Release|Any CPU
		{034D114A-2A5E-4C1F-AE83-CEA291022DE9}.Release|iPhoneSimulator.ActiveCfg = Release|Any CPU
		{034D114A-2A5E-4C1F-AE83-CEA291022DE9}.Release|iPhoneSimulator.Build.0 = Release|Any CPU
		{034D114A-2A5E-4C1F-AE83-CEA291022DE9}.Release|Mixed Platforms.ActiveCfg = Release|Any CPU
		{034D114A-2A5E-4C1F-AE83-CEA291022DE9}.Release|Mixed Platforms.Build.0 = Release|Any CPU
		{034D114A-2A5E-4C1F-AE83-CEA291022DE9}.Release|x64.ActiveCfg = Release|Any CPU
		{034D114A-2A5E-4C1F-AE83-CEA291022DE9}.Release|x64.Build.0 = Release|Any CPU
		{034D114A-2A5E-4C1F-AE83-CEA291022DE9}.Release|x86.ActiveCfg = Release|Any CPU
		{4F231DE9-EE14-428C-86F3-3321357A6ABA}.Debug|Any CPU.ActiveCfg = Debug|Any CPU
		{4F231DE9-EE14-428C-86F3-3321357A6ABA}.Debug|Any CPU.Build.0 = Debug|Any CPU
		{4F231DE9-EE14-428C-86F3-3321357A6ABA}.Debug|ARM.ActiveCfg = Debug|Any CPU
		{4F231DE9-EE14-428C-86F3-3321357A6ABA}.Debug|ARM.Build.0 = Debug|Any CPU
		{4F231DE9-EE14-428C-86F3-3321357A6ABA}.Debug|iPhone.ActiveCfg = Debug|Any CPU
		{4F231DE9-EE14-428C-86F3-3321357A6ABA}.Debug|iPhone.Build.0 = Debug|Any CPU
		{4F231DE9-EE14-428C-86F3-3321357A6ABA}.Debug|iPhoneSimulator.ActiveCfg = Debug|Any CPU
		{4F231DE9-EE14-428C-86F3-3321357A6ABA}.Debug|iPhoneSimulator.Build.0 = Debug|Any CPU
		{4F231DE9-EE14-428C-86F3-3321357A6ABA}.Debug|Mixed Platforms.ActiveCfg = Debug|Any CPU
		{4F231DE9-EE14-428C-86F3-3321357A6ABA}.Debug|Mixed Platforms.Build.0 = Debug|Any CPU
		{4F231DE9-EE14-428C-86F3-3321357A6ABA}.Debug|x64.ActiveCfg = Debug|Any CPU
		{4F231DE9-EE14-428C-86F3-3321357A6ABA}.Debug|x64.Build.0 = Debug|Any CPU
		{4F231DE9-EE14-428C-86F3-3321357A6ABA}.Debug|x86.ActiveCfg = Debug|Any CPU
		{4F231DE9-EE14-428C-86F3-3321357A6ABA}.Release|Any CPU.ActiveCfg = Release|Any CPU
		{4F231DE9-EE14-428C-86F3-3321357A6ABA}.Release|Any CPU.Build.0 = Release|Any CPU
		{4F231DE9-EE14-428C-86F3-3321357A6ABA}.Release|ARM.ActiveCfg = Release|Any CPU
		{4F231DE9-EE14-428C-86F3-3321357A6ABA}.Release|ARM.Build.0 = Release|Any CPU
		{4F231DE9-EE14-428C-86F3-3321357A6ABA}.Release|iPhone.ActiveCfg = Release|Any CPU
		{4F231DE9-EE14-428C-86F3-3321357A6ABA}.Release|iPhone.Build.0 = Release|Any CPU
		{4F231DE9-EE14-428C-86F3-3321357A6ABA}.Release|iPhoneSimulator.ActiveCfg = Release|Any CPU
		{4F231DE9-EE14-428C-86F3-3321357A6ABA}.Release|iPhoneSimulator.Build.0 = Release|Any CPU
		{4F231DE9-EE14-428C-86F3-3321357A6ABA}.Release|Mixed Platforms.ActiveCfg = Release|Any CPU
		{4F231DE9-EE14-428C-86F3-3321357A6ABA}.Release|Mixed Platforms.Build.0 = Release|Any CPU
		{4F231DE9-EE14-428C-86F3-3321357A6ABA}.Release|x64.ActiveCfg = Release|Any CPU
		{4F231DE9-EE14-428C-86F3-3321357A6ABA}.Release|x64.Build.0 = Release|Any CPU
		{4F231DE9-EE14-428C-86F3-3321357A6ABA}.Release|x86.ActiveCfg = Release|Any CPU
		{195011A0-F46F-46E8-93D1-48B9ED5BFDE3}.Debug|Any CPU.ActiveCfg = Debug|Any CPU
		{195011A0-F46F-46E8-93D1-48B9ED5BFDE3}.Debug|Any CPU.Build.0 = Debug|Any CPU
		{195011A0-F46F-46E8-93D1-48B9ED5BFDE3}.Debug|ARM.ActiveCfg = Debug|Any CPU
		{195011A0-F46F-46E8-93D1-48B9ED5BFDE3}.Debug|ARM.Build.0 = Debug|Any CPU
		{195011A0-F46F-46E8-93D1-48B9ED5BFDE3}.Debug|iPhone.ActiveCfg = Debug|Any CPU
		{195011A0-F46F-46E8-93D1-48B9ED5BFDE3}.Debug|iPhone.Build.0 = Debug|Any CPU
		{195011A0-F46F-46E8-93D1-48B9ED5BFDE3}.Debug|iPhoneSimulator.ActiveCfg = Debug|Any CPU
		{195011A0-F46F-46E8-93D1-48B9ED5BFDE3}.Debug|iPhoneSimulator.Build.0 = Debug|Any CPU
		{195011A0-F46F-46E8-93D1-48B9ED5BFDE3}.Debug|Mixed Platforms.ActiveCfg = Debug|Any CPU
		{195011A0-F46F-46E8-93D1-48B9ED5BFDE3}.Debug|Mixed Platforms.Build.0 = Debug|Any CPU
		{195011A0-F46F-46E8-93D1-48B9ED5BFDE3}.Debug|x64.ActiveCfg = Debug|Any CPU
		{195011A0-F46F-46E8-93D1-48B9ED5BFDE3}.Debug|x64.Build.0 = Debug|Any CPU
		{195011A0-F46F-46E8-93D1-48B9ED5BFDE3}.Debug|x86.ActiveCfg = Debug|Any CPU
		{195011A0-F46F-46E8-93D1-48B9ED5BFDE3}.Release|Any CPU.ActiveCfg = Release|Any CPU
		{195011A0-F46F-46E8-93D1-48B9ED5BFDE3}.Release|Any CPU.Build.0 = Release|Any CPU
		{195011A0-F46F-46E8-93D1-48B9ED5BFDE3}.Release|ARM.ActiveCfg = Release|Any CPU
		{195011A0-F46F-46E8-93D1-48B9ED5BFDE3}.Release|ARM.Build.0 = Release|Any CPU
		{195011A0-F46F-46E8-93D1-48B9ED5BFDE3}.Release|iPhone.ActiveCfg = Release|Any CPU
		{195011A0-F46F-46E8-93D1-48B9ED5BFDE3}.Release|iPhone.Build.0 = Release|Any CPU
		{195011A0-F46F-46E8-93D1-48B9ED5BFDE3}.Release|iPhoneSimulator.ActiveCfg = Release|Any CPU
		{195011A0-F46F-46E8-93D1-48B9ED5BFDE3}.Release|iPhoneSimulator.Build.0 = Release|Any CPU
		{195011A0-F46F-46E8-93D1-48B9ED5BFDE3}.Release|Mixed Platforms.ActiveCfg = Release|Any CPU
		{195011A0-F46F-46E8-93D1-48B9ED5BFDE3}.Release|Mixed Platforms.Build.0 = Release|Any CPU
		{195011A0-F46F-46E8-93D1-48B9ED5BFDE3}.Release|x64.ActiveCfg = Release|Any CPU
		{195011A0-F46F-46E8-93D1-48B9ED5BFDE3}.Release|x64.Build.0 = Release|Any CPU
		{195011A0-F46F-46E8-93D1-48B9ED5BFDE3}.Release|x86.ActiveCfg = Release|Any CPU
		{90DCA689-240B-4F97-A775-BCCF1F6E4835}.Debug|Any CPU.ActiveCfg = Debug|Any CPU
		{90DCA689-240B-4F97-A775-BCCF1F6E4835}.Debug|Any CPU.Build.0 = Debug|Any CPU
		{90DCA689-240B-4F97-A775-BCCF1F6E4835}.Debug|ARM.ActiveCfg = Debug|Any CPU
		{90DCA689-240B-4F97-A775-BCCF1F6E4835}.Debug|ARM.Build.0 = Debug|Any CPU
		{90DCA689-240B-4F97-A775-BCCF1F6E4835}.Debug|iPhone.ActiveCfg = Debug|Any CPU
		{90DCA689-240B-4F97-A775-BCCF1F6E4835}.Debug|iPhone.Build.0 = Debug|Any CPU
		{90DCA689-240B-4F97-A775-BCCF1F6E4835}.Debug|iPhoneSimulator.ActiveCfg = Debug|Any CPU
		{90DCA689-240B-4F97-A775-BCCF1F6E4835}.Debug|iPhoneSimulator.Build.0 = Debug|Any CPU
		{90DCA689-240B-4F97-A775-BCCF1F6E4835}.Debug|Mixed Platforms.ActiveCfg = Debug|Any CPU
		{90DCA689-240B-4F97-A775-BCCF1F6E4835}.Debug|Mixed Platforms.Build.0 = Debug|Any CPU
		{90DCA689-240B-4F97-A775-BCCF1F6E4835}.Debug|x64.ActiveCfg = Debug|Any CPU
		{90DCA689-240B-4F97-A775-BCCF1F6E4835}.Debug|x64.Build.0 = Debug|Any CPU
		{90DCA689-240B-4F97-A775-BCCF1F6E4835}.Debug|x86.ActiveCfg = Debug|Any CPU
		{90DCA689-240B-4F97-A775-BCCF1F6E4835}.Release|Any CPU.ActiveCfg = Release|Any CPU
		{90DCA689-240B-4F97-A775-BCCF1F6E4835}.Release|Any CPU.Build.0 = Release|Any CPU
		{90DCA689-240B-4F97-A775-BCCF1F6E4835}.Release|ARM.ActiveCfg = Release|Any CPU
		{90DCA689-240B-4F97-A775-BCCF1F6E4835}.Release|ARM.Build.0 = Release|Any CPU
		{90DCA689-240B-4F97-A775-BCCF1F6E4835}.Release|iPhone.ActiveCfg = Release|Any CPU
		{90DCA689-240B-4F97-A775-BCCF1F6E4835}.Release|iPhone.Build.0 = Release|Any CPU
		{90DCA689-240B-4F97-A775-BCCF1F6E4835}.Release|iPhoneSimulator.ActiveCfg = Release|Any CPU
		{90DCA689-240B-4F97-A775-BCCF1F6E4835}.Release|iPhoneSimulator.Build.0 = Release|Any CPU
		{90DCA689-240B-4F97-A775-BCCF1F6E4835}.Release|Mixed Platforms.ActiveCfg = Release|Any CPU
		{90DCA689-240B-4F97-A775-BCCF1F6E4835}.Release|Mixed Platforms.Build.0 = Release|Any CPU
		{90DCA689-240B-4F97-A775-BCCF1F6E4835}.Release|x64.ActiveCfg = Release|Any CPU
		{90DCA689-240B-4F97-A775-BCCF1F6E4835}.Release|x64.Build.0 = Release|Any CPU
		{90DCA689-240B-4F97-A775-BCCF1F6E4835}.Release|x86.ActiveCfg = Release|Any CPU
		{0410FD27-6456-4780-8854-5205B6CD8BBD}.Debug|Any CPU.ActiveCfg = Debug|Any CPU
		{0410FD27-6456-4780-8854-5205B6CD8BBD}.Debug|Any CPU.Build.0 = Debug|Any CPU
		{0410FD27-6456-4780-8854-5205B6CD8BBD}.Debug|ARM.ActiveCfg = Debug|Any CPU
		{0410FD27-6456-4780-8854-5205B6CD8BBD}.Debug|ARM.Build.0 = Debug|Any CPU
		{0410FD27-6456-4780-8854-5205B6CD8BBD}.Debug|iPhone.ActiveCfg = Debug|Any CPU
		{0410FD27-6456-4780-8854-5205B6CD8BBD}.Debug|iPhone.Build.0 = Debug|Any CPU
		{0410FD27-6456-4780-8854-5205B6CD8BBD}.Debug|iPhoneSimulator.ActiveCfg = Debug|Any CPU
		{0410FD27-6456-4780-8854-5205B6CD8BBD}.Debug|iPhoneSimulator.Build.0 = Debug|Any CPU
		{0410FD27-6456-4780-8854-5205B6CD8BBD}.Debug|Mixed Platforms.ActiveCfg = Debug|Any CPU
		{0410FD27-6456-4780-8854-5205B6CD8BBD}.Debug|Mixed Platforms.Build.0 = Debug|Any CPU
		{0410FD27-6456-4780-8854-5205B6CD8BBD}.Debug|x64.ActiveCfg = Debug|Any CPU
		{0410FD27-6456-4780-8854-5205B6CD8BBD}.Debug|x64.Build.0 = Debug|Any CPU
		{0410FD27-6456-4780-8854-5205B6CD8BBD}.Debug|x86.ActiveCfg = Debug|Any CPU
		{0410FD27-6456-4780-8854-5205B6CD8BBD}.Release|Any CPU.ActiveCfg = Release|Any CPU
		{0410FD27-6456-4780-8854-5205B6CD8BBD}.Release|Any CPU.Build.0 = Release|Any CPU
		{0410FD27-6456-4780-8854-5205B6CD8BBD}.Release|ARM.ActiveCfg = Release|Any CPU
		{0410FD27-6456-4780-8854-5205B6CD8BBD}.Release|ARM.Build.0 = Release|Any CPU
		{0410FD27-6456-4780-8854-5205B6CD8BBD}.Release|iPhone.ActiveCfg = Release|Any CPU
		{0410FD27-6456-4780-8854-5205B6CD8BBD}.Release|iPhone.Build.0 = Release|Any CPU
		{0410FD27-6456-4780-8854-5205B6CD8BBD}.Release|iPhoneSimulator.ActiveCfg = Release|Any CPU
		{0410FD27-6456-4780-8854-5205B6CD8BBD}.Release|iPhoneSimulator.Build.0 = Release|Any CPU
		{0410FD27-6456-4780-8854-5205B6CD8BBD}.Release|Mixed Platforms.ActiveCfg = Release|Any CPU
		{0410FD27-6456-4780-8854-5205B6CD8BBD}.Release|Mixed Platforms.Build.0 = Release|Any CPU
		{0410FD27-6456-4780-8854-5205B6CD8BBD}.Release|x64.ActiveCfg = Release|Any CPU
		{0410FD27-6456-4780-8854-5205B6CD8BBD}.Release|x64.Build.0 = Release|Any CPU
		{0410FD27-6456-4780-8854-5205B6CD8BBD}.Release|x86.ActiveCfg = Release|Any CPU
		{9390936E-DBE6-4F03-9CBA-3DA571D5A439}.Debug|Any CPU.ActiveCfg = Debug|Any CPU
		{9390936E-DBE6-4F03-9CBA-3DA571D5A439}.Debug|Any CPU.Build.0 = Debug|Any CPU
		{9390936E-DBE6-4F03-9CBA-3DA571D5A439}.Debug|ARM.ActiveCfg = Debug|Any CPU
		{9390936E-DBE6-4F03-9CBA-3DA571D5A439}.Debug|ARM.Build.0 = Debug|Any CPU
		{9390936E-DBE6-4F03-9CBA-3DA571D5A439}.Debug|iPhone.ActiveCfg = Debug|Any CPU
		{9390936E-DBE6-4F03-9CBA-3DA571D5A439}.Debug|iPhone.Build.0 = Debug|Any CPU
		{9390936E-DBE6-4F03-9CBA-3DA571D5A439}.Debug|iPhoneSimulator.ActiveCfg = Debug|Any CPU
		{9390936E-DBE6-4F03-9CBA-3DA571D5A439}.Debug|iPhoneSimulator.Build.0 = Debug|Any CPU
		{9390936E-DBE6-4F03-9CBA-3DA571D5A439}.Debug|Mixed Platforms.ActiveCfg = Debug|Any CPU
		{9390936E-DBE6-4F03-9CBA-3DA571D5A439}.Debug|Mixed Platforms.Build.0 = Debug|Any CPU
		{9390936E-DBE6-4F03-9CBA-3DA571D5A439}.Debug|x64.ActiveCfg = Debug|Any CPU
		{9390936E-DBE6-4F03-9CBA-3DA571D5A439}.Debug|x64.Build.0 = Debug|Any CPU
		{9390936E-DBE6-4F03-9CBA-3DA571D5A439}.Debug|x86.ActiveCfg = Debug|Any CPU
		{9390936E-DBE6-4F03-9CBA-3DA571D5A439}.Release|Any CPU.ActiveCfg = Release|Any CPU
		{9390936E-DBE6-4F03-9CBA-3DA571D5A439}.Release|Any CPU.Build.0 = Release|Any CPU
		{9390936E-DBE6-4F03-9CBA-3DA571D5A439}.Release|ARM.ActiveCfg = Release|Any CPU
		{9390936E-DBE6-4F03-9CBA-3DA571D5A439}.Release|ARM.Build.0 = Release|Any CPU
		{9390936E-DBE6-4F03-9CBA-3DA571D5A439}.Release|iPhone.ActiveCfg = Release|Any CPU
		{9390936E-DBE6-4F03-9CBA-3DA571D5A439}.Release|iPhone.Build.0 = Release|Any CPU
		{9390936E-DBE6-4F03-9CBA-3DA571D5A439}.Release|iPhoneSimulator.ActiveCfg = Release|Any CPU
		{9390936E-DBE6-4F03-9CBA-3DA571D5A439}.Release|iPhoneSimulator.Build.0 = Release|Any CPU
		{9390936E-DBE6-4F03-9CBA-3DA571D5A439}.Release|Mixed Platforms.ActiveCfg = Release|Any CPU
		{9390936E-DBE6-4F03-9CBA-3DA571D5A439}.Release|Mixed Platforms.Build.0 = Release|Any CPU
		{9390936E-DBE6-4F03-9CBA-3DA571D5A439}.Release|x64.ActiveCfg = Release|Any CPU
		{9390936E-DBE6-4F03-9CBA-3DA571D5A439}.Release|x64.Build.0 = Release|Any CPU
		{9390936E-DBE6-4F03-9CBA-3DA571D5A439}.Release|x86.ActiveCfg = Release|Any CPU
		{4A3DCC30-4346-47A0-874B-5674AB86F7BF}.Debug|Any CPU.ActiveCfg = Debug|Any CPU
		{4A3DCC30-4346-47A0-874B-5674AB86F7BF}.Debug|Any CPU.Build.0 = Debug|Any CPU
		{4A3DCC30-4346-47A0-874B-5674AB86F7BF}.Debug|ARM.ActiveCfg = Debug|Any CPU
		{4A3DCC30-4346-47A0-874B-5674AB86F7BF}.Debug|ARM.Build.0 = Debug|Any CPU
		{4A3DCC30-4346-47A0-874B-5674AB86F7BF}.Debug|iPhone.ActiveCfg = Debug|Any CPU
		{4A3DCC30-4346-47A0-874B-5674AB86F7BF}.Debug|iPhone.Build.0 = Debug|Any CPU
		{4A3DCC30-4346-47A0-874B-5674AB86F7BF}.Debug|iPhoneSimulator.ActiveCfg = Debug|Any CPU
		{4A3DCC30-4346-47A0-874B-5674AB86F7BF}.Debug|iPhoneSimulator.Build.0 = Debug|Any CPU
		{4A3DCC30-4346-47A0-874B-5674AB86F7BF}.Debug|Mixed Platforms.ActiveCfg = Debug|Any CPU
		{4A3DCC30-4346-47A0-874B-5674AB86F7BF}.Debug|Mixed Platforms.Build.0 = Debug|Any CPU
		{4A3DCC30-4346-47A0-874B-5674AB86F7BF}.Debug|x64.ActiveCfg = Debug|Any CPU
		{4A3DCC30-4346-47A0-874B-5674AB86F7BF}.Debug|x64.Build.0 = Debug|Any CPU
		{4A3DCC30-4346-47A0-874B-5674AB86F7BF}.Debug|x86.ActiveCfg = Debug|Any CPU
		{4A3DCC30-4346-47A0-874B-5674AB86F7BF}.Debug|x86.Build.0 = Debug|Any CPU
		{4A3DCC30-4346-47A0-874B-5674AB86F7BF}.Release|Any CPU.ActiveCfg = Release|Any CPU
		{4A3DCC30-4346-47A0-874B-5674AB86F7BF}.Release|Any CPU.Build.0 = Release|Any CPU
		{4A3DCC30-4346-47A0-874B-5674AB86F7BF}.Release|ARM.ActiveCfg = Release|Any CPU
		{4A3DCC30-4346-47A0-874B-5674AB86F7BF}.Release|ARM.Build.0 = Release|Any CPU
		{4A3DCC30-4346-47A0-874B-5674AB86F7BF}.Release|iPhone.ActiveCfg = Release|Any CPU
		{4A3DCC30-4346-47A0-874B-5674AB86F7BF}.Release|iPhone.Build.0 = Release|Any CPU
		{4A3DCC30-4346-47A0-874B-5674AB86F7BF}.Release|iPhoneSimulator.ActiveCfg = Release|Any CPU
		{4A3DCC30-4346-47A0-874B-5674AB86F7BF}.Release|iPhoneSimulator.Build.0 = Release|Any CPU
		{4A3DCC30-4346-47A0-874B-5674AB86F7BF}.Release|Mixed Platforms.ActiveCfg = Release|Any CPU
		{4A3DCC30-4346-47A0-874B-5674AB86F7BF}.Release|Mixed Platforms.Build.0 = Release|Any CPU
		{4A3DCC30-4346-47A0-874B-5674AB86F7BF}.Release|x64.ActiveCfg = Release|Any CPU
		{4A3DCC30-4346-47A0-874B-5674AB86F7BF}.Release|x64.Build.0 = Release|Any CPU
		{4A3DCC30-4346-47A0-874B-5674AB86F7BF}.Release|x86.ActiveCfg = Release|Any CPU
		{4A3DCC30-4346-47A0-874B-5674AB86F7BF}.Release|x86.Build.0 = Release|Any CPU
		{9C3C7461-1566-4B6F-BA8A-8B1EEFE4791B}.Debug|Any CPU.ActiveCfg = Debug|Any CPU
		{9C3C7461-1566-4B6F-BA8A-8B1EEFE4791B}.Debug|Any CPU.Build.0 = Debug|Any CPU
		{9C3C7461-1566-4B6F-BA8A-8B1EEFE4791B}.Debug|ARM.ActiveCfg = Debug|Any CPU
		{9C3C7461-1566-4B6F-BA8A-8B1EEFE4791B}.Debug|ARM.Build.0 = Debug|Any CPU
		{9C3C7461-1566-4B6F-BA8A-8B1EEFE4791B}.Debug|iPhone.ActiveCfg = Debug|Any CPU
		{9C3C7461-1566-4B6F-BA8A-8B1EEFE4791B}.Debug|iPhone.Build.0 = Debug|Any CPU
		{9C3C7461-1566-4B6F-BA8A-8B1EEFE4791B}.Debug|iPhoneSimulator.ActiveCfg = Debug|Any CPU
		{9C3C7461-1566-4B6F-BA8A-8B1EEFE4791B}.Debug|iPhoneSimulator.Build.0 = Debug|Any CPU
		{9C3C7461-1566-4B6F-BA8A-8B1EEFE4791B}.Debug|Mixed Platforms.ActiveCfg = Debug|Any CPU
		{9C3C7461-1566-4B6F-BA8A-8B1EEFE4791B}.Debug|Mixed Platforms.Build.0 = Debug|Any CPU
		{9C3C7461-1566-4B6F-BA8A-8B1EEFE4791B}.Debug|x64.ActiveCfg = Debug|Any CPU
		{9C3C7461-1566-4B6F-BA8A-8B1EEFE4791B}.Debug|x64.Build.0 = Debug|Any CPU
		{9C3C7461-1566-4B6F-BA8A-8B1EEFE4791B}.Debug|x86.ActiveCfg = Debug|Any CPU
		{9C3C7461-1566-4B6F-BA8A-8B1EEFE4791B}.Debug|x86.Build.0 = Debug|Any CPU
		{9C3C7461-1566-4B6F-BA8A-8B1EEFE4791B}.Release|Any CPU.ActiveCfg = Release|Any CPU
		{9C3C7461-1566-4B6F-BA8A-8B1EEFE4791B}.Release|Any CPU.Build.0 = Release|Any CPU
		{9C3C7461-1566-4B6F-BA8A-8B1EEFE4791B}.Release|ARM.ActiveCfg = Release|Any CPU
		{9C3C7461-1566-4B6F-BA8A-8B1EEFE4791B}.Release|ARM.Build.0 = Release|Any CPU
		{9C3C7461-1566-4B6F-BA8A-8B1EEFE4791B}.Release|iPhone.ActiveCfg = Release|Any CPU
		{9C3C7461-1566-4B6F-BA8A-8B1EEFE4791B}.Release|iPhone.Build.0 = Release|Any CPU
		{9C3C7461-1566-4B6F-BA8A-8B1EEFE4791B}.Release|iPhoneSimulator.ActiveCfg = Release|Any CPU
		{9C3C7461-1566-4B6F-BA8A-8B1EEFE4791B}.Release|iPhoneSimulator.Build.0 = Release|Any CPU
		{9C3C7461-1566-4B6F-BA8A-8B1EEFE4791B}.Release|Mixed Platforms.ActiveCfg = Release|Any CPU
		{9C3C7461-1566-4B6F-BA8A-8B1EEFE4791B}.Release|Mixed Platforms.Build.0 = Release|Any CPU
		{9C3C7461-1566-4B6F-BA8A-8B1EEFE4791B}.Release|x64.ActiveCfg = Release|Any CPU
		{9C3C7461-1566-4B6F-BA8A-8B1EEFE4791B}.Release|x64.Build.0 = Release|Any CPU
		{9C3C7461-1566-4B6F-BA8A-8B1EEFE4791B}.Release|x86.ActiveCfg = Release|Any CPU
		{9C3C7461-1566-4B6F-BA8A-8B1EEFE4791B}.Release|x86.Build.0 = Release|Any CPU
		{0096F737-4E19-4913-958D-598054370F78}.Debug|Any CPU.ActiveCfg = Debug|Any CPU
		{0096F737-4E19-4913-958D-598054370F78}.Debug|Any CPU.Build.0 = Debug|Any CPU
		{0096F737-4E19-4913-958D-598054370F78}.Debug|Any CPU.Deploy.0 = Debug|Any CPU
		{0096F737-4E19-4913-958D-598054370F78}.Debug|ARM.ActiveCfg = Debug|Any CPU
		{0096F737-4E19-4913-958D-598054370F78}.Debug|ARM.Build.0 = Debug|Any CPU
		{0096F737-4E19-4913-958D-598054370F78}.Debug|ARM.Deploy.0 = Debug|Any CPU
		{0096F737-4E19-4913-958D-598054370F78}.Debug|iPhone.ActiveCfg = Debug|Any CPU
		{0096F737-4E19-4913-958D-598054370F78}.Debug|iPhone.Build.0 = Debug|Any CPU
		{0096F737-4E19-4913-958D-598054370F78}.Debug|iPhone.Deploy.0 = Debug|Any CPU
		{0096F737-4E19-4913-958D-598054370F78}.Debug|iPhoneSimulator.ActiveCfg = Debug|Any CPU
		{0096F737-4E19-4913-958D-598054370F78}.Debug|iPhoneSimulator.Build.0 = Debug|Any CPU
		{0096F737-4E19-4913-958D-598054370F78}.Debug|iPhoneSimulator.Deploy.0 = Debug|Any CPU
		{0096F737-4E19-4913-958D-598054370F78}.Debug|Mixed Platforms.ActiveCfg = Debug|Any CPU
		{0096F737-4E19-4913-958D-598054370F78}.Debug|Mixed Platforms.Build.0 = Debug|Any CPU
		{0096F737-4E19-4913-958D-598054370F78}.Debug|Mixed Platforms.Deploy.0 = Debug|Any CPU
		{0096F737-4E19-4913-958D-598054370F78}.Debug|x64.ActiveCfg = Debug|Any CPU
		{0096F737-4E19-4913-958D-598054370F78}.Debug|x64.Build.0 = Debug|Any CPU
		{0096F737-4E19-4913-958D-598054370F78}.Debug|x64.Deploy.0 = Debug|Any CPU
		{0096F737-4E19-4913-958D-598054370F78}.Debug|x86.ActiveCfg = Debug|Any CPU
		{0096F737-4E19-4913-958D-598054370F78}.Debug|x86.Build.0 = Debug|Any CPU
		{0096F737-4E19-4913-958D-598054370F78}.Debug|x86.Deploy.0 = Debug|Any CPU
		{0096F737-4E19-4913-958D-598054370F78}.Release|Any CPU.ActiveCfg = Release|Any CPU
		{0096F737-4E19-4913-958D-598054370F78}.Release|Any CPU.Build.0 = Release|Any CPU
		{0096F737-4E19-4913-958D-598054370F78}.Release|Any CPU.Deploy.0 = Release|Any CPU
		{0096F737-4E19-4913-958D-598054370F78}.Release|ARM.ActiveCfg = Release|Any CPU
		{0096F737-4E19-4913-958D-598054370F78}.Release|ARM.Build.0 = Release|Any CPU
		{0096F737-4E19-4913-958D-598054370F78}.Release|ARM.Deploy.0 = Release|Any CPU
		{0096F737-4E19-4913-958D-598054370F78}.Release|iPhone.ActiveCfg = Release|Any CPU
		{0096F737-4E19-4913-958D-598054370F78}.Release|iPhone.Build.0 = Release|Any CPU
		{0096F737-4E19-4913-958D-598054370F78}.Release|iPhone.Deploy.0 = Release|Any CPU
		{0096F737-4E19-4913-958D-598054370F78}.Release|iPhoneSimulator.ActiveCfg = Release|Any CPU
		{0096F737-4E19-4913-958D-598054370F78}.Release|iPhoneSimulator.Build.0 = Release|Any CPU
		{0096F737-4E19-4913-958D-598054370F78}.Release|iPhoneSimulator.Deploy.0 = Release|Any CPU
		{0096F737-4E19-4913-958D-598054370F78}.Release|Mixed Platforms.ActiveCfg = Release|Any CPU
		{0096F737-4E19-4913-958D-598054370F78}.Release|Mixed Platforms.Build.0 = Release|Any CPU
		{0096F737-4E19-4913-958D-598054370F78}.Release|Mixed Platforms.Deploy.0 = Release|Any CPU
		{0096F737-4E19-4913-958D-598054370F78}.Release|x64.ActiveCfg = Release|Any CPU
		{0096F737-4E19-4913-958D-598054370F78}.Release|x64.Build.0 = Release|Any CPU
		{0096F737-4E19-4913-958D-598054370F78}.Release|x64.Deploy.0 = Release|Any CPU
		{0096F737-4E19-4913-958D-598054370F78}.Release|x86.ActiveCfg = Release|Any CPU
		{0096F737-4E19-4913-958D-598054370F78}.Release|x86.Build.0 = Release|Any CPU
		{0096F737-4E19-4913-958D-598054370F78}.Release|x86.Deploy.0 = Release|Any CPU
		{79431F56-02D7-4DDA-AF6D-F766E4DDDD90}.Debug|Any CPU.ActiveCfg = Debug|iPhone
		{79431F56-02D7-4DDA-AF6D-F766E4DDDD90}.Debug|ARM.ActiveCfg = Debug|iPhone
		{79431F56-02D7-4DDA-AF6D-F766E4DDDD90}.Debug|iPhone.ActiveCfg = Debug|iPhone
		{79431F56-02D7-4DDA-AF6D-F766E4DDDD90}.Debug|iPhone.Build.0 = Debug|iPhone
		{79431F56-02D7-4DDA-AF6D-F766E4DDDD90}.Debug|iPhoneSimulator.ActiveCfg = Debug|iPhoneSimulator
		{79431F56-02D7-4DDA-AF6D-F766E4DDDD90}.Debug|iPhoneSimulator.Build.0 = Debug|iPhoneSimulator
		{79431F56-02D7-4DDA-AF6D-F766E4DDDD90}.Debug|Mixed Platforms.ActiveCfg = Debug|iPhone
		{79431F56-02D7-4DDA-AF6D-F766E4DDDD90}.Debug|Mixed Platforms.Build.0 = Debug|iPhone
		{79431F56-02D7-4DDA-AF6D-F766E4DDDD90}.Debug|x64.ActiveCfg = Debug|iPhone
		{79431F56-02D7-4DDA-AF6D-F766E4DDDD90}.Debug|x86.ActiveCfg = Debug|iPhone
		{79431F56-02D7-4DDA-AF6D-F766E4DDDD90}.Release|Any CPU.ActiveCfg = Release|iPhone
		{79431F56-02D7-4DDA-AF6D-F766E4DDDD90}.Release|ARM.ActiveCfg = Release|iPhone
		{79431F56-02D7-4DDA-AF6D-F766E4DDDD90}.Release|iPhone.ActiveCfg = Release|iPhone
		{79431F56-02D7-4DDA-AF6D-F766E4DDDD90}.Release|iPhone.Build.0 = Release|iPhone
		{79431F56-02D7-4DDA-AF6D-F766E4DDDD90}.Release|iPhoneSimulator.ActiveCfg = Release|iPhoneSimulator
		{79431F56-02D7-4DDA-AF6D-F766E4DDDD90}.Release|iPhoneSimulator.Build.0 = Release|iPhoneSimulator
		{79431F56-02D7-4DDA-AF6D-F766E4DDDD90}.Release|Mixed Platforms.ActiveCfg = Release|iPhone
		{79431F56-02D7-4DDA-AF6D-F766E4DDDD90}.Release|Mixed Platforms.Build.0 = Release|iPhone
		{79431F56-02D7-4DDA-AF6D-F766E4DDDD90}.Release|x64.ActiveCfg = Release|iPhone
		{79431F56-02D7-4DDA-AF6D-F766E4DDDD90}.Release|x86.ActiveCfg = Release|iPhone
		{22908785-0144-458E-86E6-9F47C17C08F8}.Debug|Any CPU.ActiveCfg = Debug|x86
		{22908785-0144-458E-86E6-9F47C17C08F8}.Debug|ARM.ActiveCfg = Debug|ARM
		{22908785-0144-458E-86E6-9F47C17C08F8}.Debug|ARM.Build.0 = Debug|ARM
		{22908785-0144-458E-86E6-9F47C17C08F8}.Debug|ARM.Deploy.0 = Debug|ARM
		{22908785-0144-458E-86E6-9F47C17C08F8}.Debug|iPhone.ActiveCfg = Debug|x86
		{22908785-0144-458E-86E6-9F47C17C08F8}.Debug|iPhoneSimulator.ActiveCfg = Debug|x86
		{22908785-0144-458E-86E6-9F47C17C08F8}.Debug|Mixed Platforms.ActiveCfg = Debug|x86
		{22908785-0144-458E-86E6-9F47C17C08F8}.Debug|Mixed Platforms.Build.0 = Debug|x86
		{22908785-0144-458E-86E6-9F47C17C08F8}.Debug|Mixed Platforms.Deploy.0 = Debug|x86
		{22908785-0144-458E-86E6-9F47C17C08F8}.Debug|x64.ActiveCfg = Debug|x64
		{22908785-0144-458E-86E6-9F47C17C08F8}.Debug|x64.Build.0 = Debug|x64
		{22908785-0144-458E-86E6-9F47C17C08F8}.Debug|x64.Deploy.0 = Debug|x64
		{22908785-0144-458E-86E6-9F47C17C08F8}.Debug|x86.ActiveCfg = Debug|x86
		{22908785-0144-458E-86E6-9F47C17C08F8}.Debug|x86.Build.0 = Debug|x86
		{22908785-0144-458E-86E6-9F47C17C08F8}.Debug|x86.Deploy.0 = Debug|x86
		{22908785-0144-458E-86E6-9F47C17C08F8}.Release|Any CPU.ActiveCfg = Release|x86
		{22908785-0144-458E-86E6-9F47C17C08F8}.Release|ARM.ActiveCfg = Release|ARM
		{22908785-0144-458E-86E6-9F47C17C08F8}.Release|ARM.Build.0 = Release|ARM
		{22908785-0144-458E-86E6-9F47C17C08F8}.Release|ARM.Deploy.0 = Release|ARM
		{22908785-0144-458E-86E6-9F47C17C08F8}.Release|iPhone.ActiveCfg = Release|x86
		{22908785-0144-458E-86E6-9F47C17C08F8}.Release|iPhoneSimulator.ActiveCfg = Release|x86
		{22908785-0144-458E-86E6-9F47C17C08F8}.Release|Mixed Platforms.ActiveCfg = Release|x86
		{22908785-0144-458E-86E6-9F47C17C08F8}.Release|Mixed Platforms.Build.0 = Release|x86
		{22908785-0144-458E-86E6-9F47C17C08F8}.Release|Mixed Platforms.Deploy.0 = Release|x86
		{22908785-0144-458E-86E6-9F47C17C08F8}.Release|x64.ActiveCfg = Release|x64
		{22908785-0144-458E-86E6-9F47C17C08F8}.Release|x64.Build.0 = Release|x64
		{22908785-0144-458E-86E6-9F47C17C08F8}.Release|x64.Deploy.0 = Release|x64
		{22908785-0144-458E-86E6-9F47C17C08F8}.Release|x86.ActiveCfg = Release|x86
		{22908785-0144-458E-86E6-9F47C17C08F8}.Release|x86.Build.0 = Release|x86
		{22908785-0144-458E-86E6-9F47C17C08F8}.Release|x86.Deploy.0 = Release|x86
		{6CA72759-9A8C-4A94-A102-A162AF53A629}.Debug|Any CPU.ActiveCfg = Debug|Any CPU
		{6CA72759-9A8C-4A94-A102-A162AF53A629}.Debug|Any CPU.Build.0 = Debug|Any CPU
		{6CA72759-9A8C-4A94-A102-A162AF53A629}.Debug|ARM.ActiveCfg = Debug|Any CPU
		{6CA72759-9A8C-4A94-A102-A162AF53A629}.Debug|ARM.Build.0 = Debug|Any CPU
		{6CA72759-9A8C-4A94-A102-A162AF53A629}.Debug|iPhone.ActiveCfg = Debug|Any CPU
		{6CA72759-9A8C-4A94-A102-A162AF53A629}.Debug|iPhone.Build.0 = Debug|Any CPU
		{6CA72759-9A8C-4A94-A102-A162AF53A629}.Debug|iPhoneSimulator.ActiveCfg = Debug|Any CPU
		{6CA72759-9A8C-4A94-A102-A162AF53A629}.Debug|iPhoneSimulator.Build.0 = Debug|Any CPU
		{6CA72759-9A8C-4A94-A102-A162AF53A629}.Debug|Mixed Platforms.ActiveCfg = Debug|Any CPU
		{6CA72759-9A8C-4A94-A102-A162AF53A629}.Debug|Mixed Platforms.Build.0 = Debug|Any CPU
		{6CA72759-9A8C-4A94-A102-A162AF53A629}.Debug|x64.ActiveCfg = Debug|Any CPU
		{6CA72759-9A8C-4A94-A102-A162AF53A629}.Debug|x64.Build.0 = Debug|Any CPU
		{6CA72759-9A8C-4A94-A102-A162AF53A629}.Debug|x86.ActiveCfg = Debug|Any CPU
		{6CA72759-9A8C-4A94-A102-A162AF53A629}.Debug|x86.Build.0 = Debug|Any CPU
		{6CA72759-9A8C-4A94-A102-A162AF53A629}.Release|Any CPU.ActiveCfg = Release|Any CPU
		{6CA72759-9A8C-4A94-A102-A162AF53A629}.Release|Any CPU.Build.0 = Release|Any CPU
		{6CA72759-9A8C-4A94-A102-A162AF53A629}.Release|ARM.ActiveCfg = Release|Any CPU
		{6CA72759-9A8C-4A94-A102-A162AF53A629}.Release|ARM.Build.0 = Release|Any CPU
		{6CA72759-9A8C-4A94-A102-A162AF53A629}.Release|iPhone.ActiveCfg = Release|Any CPU
		{6CA72759-9A8C-4A94-A102-A162AF53A629}.Release|iPhone.Build.0 = Release|Any CPU
		{6CA72759-9A8C-4A94-A102-A162AF53A629}.Release|iPhoneSimulator.ActiveCfg = Release|Any CPU
		{6CA72759-9A8C-4A94-A102-A162AF53A629}.Release|iPhoneSimulator.Build.0 = Release|Any CPU
		{6CA72759-9A8C-4A94-A102-A162AF53A629}.Release|Mixed Platforms.ActiveCfg = Release|Any CPU
		{6CA72759-9A8C-4A94-A102-A162AF53A629}.Release|Mixed Platforms.Build.0 = Release|Any CPU
		{6CA72759-9A8C-4A94-A102-A162AF53A629}.Release|x64.ActiveCfg = Release|Any CPU
		{6CA72759-9A8C-4A94-A102-A162AF53A629}.Release|x64.Build.0 = Release|Any CPU
		{6CA72759-9A8C-4A94-A102-A162AF53A629}.Release|x86.ActiveCfg = Release|Any CPU
		{6CA72759-9A8C-4A94-A102-A162AF53A629}.Release|x86.Build.0 = Release|Any CPU
	EndGlobalSection
	GlobalSection(SolutionProperties) = preSolution
		HideSolutionNode = FALSE
	EndGlobalSection
	GlobalSection(NestedProjects) = preSolution
		{5167DD62-3F2A-416B-89BA-DC2770CC0999} = {59E63CC3-CBB0-4B25-A910-BEBC970D83F4}
		{034D114A-2A5E-4C1F-AE83-CEA291022DE9} = {59E63CC3-CBB0-4B25-A910-BEBC970D83F4}
		{4F231DE9-EE14-428C-86F3-3321357A6ABA} = {59E63CC3-CBB0-4B25-A910-BEBC970D83F4}
		{195011A0-F46F-46E8-93D1-48B9ED5BFDE3} = {C5D2B9BA-15DB-45AE-BBA7-E89830B4CDCD}
		{90DCA689-240B-4F97-A775-BCCF1F6E4835} = {C5D2B9BA-15DB-45AE-BBA7-E89830B4CDCD}
		{0410FD27-6456-4780-8854-5205B6CD8BBD} = {59E63CC3-CBB0-4B25-A910-BEBC970D83F4}
		{9390936E-DBE6-4F03-9CBA-3DA571D5A439} = {C5D2B9BA-15DB-45AE-BBA7-E89830B4CDCD}
		{4A3DCC30-4346-47A0-874B-5674AB86F7BF} = {59E63CC3-CBB0-4B25-A910-BEBC970D83F4}
		{9C3C7461-1566-4B6F-BA8A-8B1EEFE4791B} = {E046409E-A59D-4700-972E-9546283F297E}
		{0096F737-4E19-4913-958D-598054370F78} = {E046409E-A59D-4700-972E-9546283F297E}
		{79431F56-02D7-4DDA-AF6D-F766E4DDDD90} = {E046409E-A59D-4700-972E-9546283F297E}
		{22908785-0144-458E-86E6-9F47C17C08F8} = {E046409E-A59D-4700-972E-9546283F297E}
		{6CA72759-9A8C-4A94-A102-A162AF53A629} = {59E63CC3-CBB0-4B25-A910-BEBC970D83F4}
	EndGlobalSection
	GlobalSection(ExtensibilityGlobals) = postSolution
		SolutionGuid = {05D7E733-8C5C-4FA1-A2E6-5A76BA01EA8D}
	EndGlobalSection
EndGlobal
