
Microsoft Visual Studio Solution File, Format Version 12.00
# Visual Studio Version 16
VisualStudioVersion = 16.0.29806.167
MinimumVisualStudioVersion = 10.0.40219.1
Project("{FAE04EC0-301F-11D3-BF4B-00C04F79EFBC}") = "TradingSystemX.UWP", "TradingSystemX\TradingSystemX.UWP\TradingSystemX.UWP.csproj", "{22908785-0144-458E-86E6-9F47C17C08F8}"
EndProject
Project("{FAE04EC0-301F-11D3-BF4B-00C04F79EFBC}") = "TradingSystemX.Android", "TradingSystemX\TradingSystemX.Android\TradingSystemX.Android.csproj", "{0096F737-4E19-4913-958D-598054370F78}"
EndProject
Project("{FAE04EC0-301F-11D3-BF4B-00C04F79EFBC}") = "TradingSystemX.iOS", "TradingSystemX\TradingSystemX.iOS\TradingSystemX.iOS.csproj", "{79431F56-02D7-4DDA-AF6D-F766E4DDDD90}"
EndProject
Project("{FAE04EC0-301F-11D3-BF4B-00C04F79EFBC}") = "TradingSystemX", "TradingSystemX\TradingSystemX\TradingSystemX.csproj", "{5EC1F5ED-B1FF-4F7B-8E63-D23287617315}"
EndProject
Global
	GlobalSection(SolutionConfigurationPlatforms) = preSolution
		Debug|Any CPU = Debug|Any CPU
		Debug|ARM = Debug|ARM
		Debug|iPhone = Debug|iPhone
		Debug|iPhoneSimulator = Debug|iPhoneSimulator
		Debug|x64 = Debug|x64
		Debug|x86 = Debug|x86
		Release|Any CPU = Release|Any CPU
		Release|ARM = Release|ARM
		Release|iPhone = Release|iPhone
		Release|iPhoneSimulator = Release|iPhoneSimulator
		Release|x64 = Release|x64
		Release|x86 = Release|x86
	EndGlobalSection
	GlobalSection(ProjectConfigurationPlatforms) = postSolution
		{22908785-0144-458E-86E6-9F47C17C08F8}.Debug|Any CPU.ActiveCfg = Debug|x86
		{22908785-0144-458E-86E6-9F47C17C08F8}.Debug|Any CPU.Build.0 = Debug|x86
		{22908785-0144-458E-86E6-9F47C17C08F8}.Debug|Any CPU.Deploy.0 = Debug|x86
		{22908785-0144-458E-86E6-9F47C17C08F8}.Debug|ARM.ActiveCfg = Debug|ARM
		{22908785-0144-458E-86E6-9F47C17C08F8}.Debug|ARM.Build.0 = Debug|ARM
		{22908785-0144-458E-86E6-9F47C17C08F8}.Debug|ARM.Deploy.0 = Debug|ARM
		{22908785-0144-458E-86E6-9F47C17C08F8}.Debug|iPhone.ActiveCfg = Debug|x86
		{22908785-0144-458E-86E6-9F47C17C08F8}.Debug|iPhone.Build.0 = Debug|x86
		{22908785-0144-458E-86E6-9F47C17C08F8}.Debug|iPhone.Deploy.0 = Debug|x86
		{22908785-0144-458E-86E6-9F47C17C08F8}.Debug|iPhoneSimulator.ActiveCfg = Debug|x86
		{22908785-0144-458E-86E6-9F47C17C08F8}.Debug|iPhoneSimulator.Build.0 = Debug|x86
		{22908785-0144-458E-86E6-9F47C17C08F8}.Debug|iPhoneSimulator.Deploy.0 = Debug|x86
		{22908785-0144-458E-86E6-9F47C17C08F8}.Debug|x64.ActiveCfg = Debug|x64
		{22908785-0144-458E-86E6-9F47C17C08F8}.Debug|x64.Build.0 = Debug|x64
		{22908785-0144-458E-86E6-9F47C17C08F8}.Debug|x64.Deploy.0 = Debug|x64
		{22908785-0144-458E-86E6-9F47C17C08F8}.Debug|x86.ActiveCfg = Debug|x86
		{22908785-0144-458E-86E6-9F47C17C08F8}.Debug|x86.Build.0 = Debug|x86
		{22908785-0144-458E-86E6-9F47C17C08F8}.Debug|x86.Deploy.0 = Debug|x86
		{22908785-0144-458E-86E6-9F47C17C08F8}.Release|Any CPU.ActiveCfg = Release|x86
		{22908785-0144-458E-86E6-9F47C17C08F8}.Release|Any CPU.Build.0 = Release|x86
		{22908785-0144-458E-86E6-9F47C17C08F8}.Release|Any CPU.Deploy.0 = Release|x86
		{22908785-0144-458E-86E6-9F47C17C08F8}.Release|ARM.ActiveCfg = Release|ARM
		{22908785-0144-458E-86E6-9F47C17C08F8}.Release|ARM.Build.0 = Release|ARM
		{22908785-0144-458E-86E6-9F47C17C08F8}.Release|ARM.Deploy.0 = Release|ARM
		{22908785-0144-458E-86E6-9F47C17C08F8}.Release|iPhone.ActiveCfg = Release|x86
		{22908785-0144-458E-86E6-9F47C17C08F8}.Release|iPhone.Build.0 = Release|x86
		{22908785-0144-458E-86E6-9F47C17C08F8}.Release|iPhone.Deploy.0 = Release|x86
		{22908785-0144-458E-86E6-9F47C17C08F8}.Release|iPhoneSimulator.ActiveCfg = Release|x86
		{22908785-0144-458E-86E6-9F47C17C08F8}.Release|iPhoneSimulator.Build.0 = Release|x86
		{22908785-0144-458E-86E6-9F47C17C08F8}.Release|iPhoneSimulator.Deploy.0 = Release|x86
		{22908785-0144-458E-86E6-9F47C17C08F8}.Release|x64.ActiveCfg = Release|x64
		{22908785-0144-458E-86E6-9F47C17C08F8}.Release|x64.Build.0 = Release|x64
		{22908785-0144-458E-86E6-9F47C17C08F8}.Release|x64.Deploy.0 = Release|x64
		{22908785-0144-458E-86E6-9F47C17C08F8}.Release|x86.ActiveCfg = Release|x86
		{22908785-0144-458E-86E6-9F47C17C08F8}.Release|x86.Build.0 = Release|x86
		{22908785-0144-458E-86E6-9F47C17C08F8}.Release|x86.Deploy.0 = Release|x86
		{0096F737-4E19-4913-958D-598054370F78}.Debug|Any CPU.ActiveCfg = Debug|Any CPU
		{0096F737-4E19-4913-958D-598054370F78}.Debug|Any CPU.Build.0 = Debug|Any CPU
		{0096F737-4E19-4913-958D-598054370F78}.Debug|Any CPU.Deploy.0 = Debug|Any CPU
		{0096F737-4E19-4913-958D-598054370F78}.Debug|ARM.ActiveCfg = Debug|Any CPU
		{0096F737-4E19-4913-958D-598054370F78}.Debug|ARM.Build.0 = Debug|Any CPU
		{0096F737-4E19-4913-958D-598054370F78}.Debug|ARM.Deploy.0 = Debug|Any CPU
		{0096F737-4E19-4913-958D-598054370F78}.Debug|iPhone.ActiveCfg = Debug|Any CPU
		{0096F737-4E19-4913-958D-598054370F78}.Debug|iPhone.Build.0 = Debug|Any CPU
		{0096F737-4E19-4913-958D-598054370F78}.Debug|iPhone.Deploy.0 = Debug|Any CPU
		{0096F737-4E19-4913-958D-598054370F78}.Debug|iPhoneSimulator.ActiveCfg = Debug|Any CPU
		{0096F737-4E19-4913-958D-598054370F78}.Debug|iPhoneSimulator.Build.0 = Debug|Any CPU
		{0096F737-4E19-4913-958D-598054370F78}.Debug|iPhoneSimulator.Deploy.0 = Debug|Any CPU
		{0096F737-4E19-4913-958D-598054370F78}.Debug|x64.ActiveCfg = Debug|Any CPU
		{0096F737-4E19-4913-958D-598054370F78}.Debug|x64.Build.0 = Debug|Any CPU
		{0096F737-4E19-4913-958D-598054370F78}.Debug|x64.Deploy.0 = Debug|Any CPU
		{0096F737-4E19-4913-958D-598054370F78}.Debug|x86.ActiveCfg = Debug|Any CPU
		{0096F737-4E19-4913-958D-598054370F78}.Debug|x86.Build.0 = Debug|Any CPU
		{0096F737-4E19-4913-958D-598054370F78}.Debug|x86.Deploy.0 = Debug|Any CPU
		{0096F737-4E19-4913-958D-598054370F78}.Release|Any CPU.ActiveCfg = Release|Any CPU
		{0096F737-4E19-4913-958D-598054370F78}.Release|Any CPU.Build.0 = Release|Any CPU
		{0096F737-4E19-4913-958D-598054370F78}.Release|Any CPU.Deploy.0 = Release|Any CPU
		{0096F737-4E19-4913-958D-598054370F78}.Release|ARM.ActiveCfg = Release|Any CPU
		{0096F737-4E19-4913-958D-598054370F78}.Release|ARM.Build.0 = Release|Any CPU
		{0096F737-4E19-4913-958D-598054370F78}.Release|ARM.Deploy.0 = Release|Any CPU
		{0096F737-4E19-4913-958D-598054370F78}.Release|iPhone.ActiveCfg = Release|Any CPU
		{0096F737-4E19-4913-958D-598054370F78}.Release|iPhone.Build.0 = Release|Any CPU
		{0096F737-4E19-4913-958D-598054370F78}.Release|iPhone.Deploy.0 = Release|Any CPU
		{0096F737-4E19-4913-958D-598054370F78}.Release|iPhoneSimulator.ActiveCfg = Release|Any CPU
		{0096F737-4E19-4913-958D-598054370F78}.Release|iPhoneSimulator.Build.0 = Release|Any CPU
		{0096F737-4E19-4913-958D-598054370F78}.Release|iPhoneSimulator.Deploy.0 = Release|Any CPU
		{0096F737-4E19-4913-958D-598054370F78}.Release|x64.ActiveCfg = Release|Any CPU
		{0096F737-4E19-4913-958D-598054370F78}.Release|x64.Build.0 = Release|Any CPU
		{0096F737-4E19-4913-958D-598054370F78}.Release|x64.Deploy.0 = Release|Any CPU
		{0096F737-4E19-4913-958D-598054370F78}.Release|x86.ActiveCfg = Release|Any CPU
		{0096F737-4E19-4913-958D-598054370F78}.Release|x86.Build.0 = Release|Any CPU
		{0096F737-4E19-4913-958D-598054370F78}.Release|x86.Deploy.0 = Release|Any CPU
		{79431F56-02D7-4DDA-AF6D-F766E4DDDD90}.Debug|Any CPU.ActiveCfg = Debug|iPhone
		{79431F56-02D7-4DDA-AF6D-F766E4DDDD90}.Debug|Any CPU.Build.0 = Debug|iPhone
		{79431F56-02D7-4DDA-AF6D-F766E4DDDD90}.Debug|Any CPU.Deploy.0 = Debug|iPhone
		{79431F56-02D7-4DDA-AF6D-F766E4DDDD90}.Debug|ARM.ActiveCfg = Debug|iPhoneSimulator
		{79431F56-02D7-4DDA-AF6D-F766E4DDDD90}.Debug|ARM.Build.0 = Debug|iPhoneSimulator
		{79431F56-02D7-4DDA-AF6D-F766E4DDDD90}.Debug|ARM.Deploy.0 = Debug|iPhoneSimulator
		{79431F56-02D7-4DDA-AF6D-F766E4DDDD90}.Debug|iPhone.ActiveCfg = Debug|iPhone
		{79431F56-02D7-4DDA-AF6D-F766E4DDDD90}.Debug|iPhone.Build.0 = Debug|iPhone
		{79431F56-02D7-4DDA-AF6D-F766E4DDDD90}.Debug|iPhone.Deploy.0 = Debug|iPhone
		{79431F56-02D7-4DDA-AF6D-F766E4DDDD90}.Debug|iPhoneSimulator.ActiveCfg = Debug|iPhoneSimulator
		{79431F56-02D7-4DDA-AF6D-F766E4DDDD90}.Debug|iPhoneSimulator.Build.0 = Debug|iPhoneSimulator
		{79431F56-02D7-4DDA-AF6D-F766E4DDDD90}.Debug|iPhoneSimulator.Deploy.0 = Debug|iPhoneSimulator
		{79431F56-02D7-4DDA-AF6D-F766E4DDDD90}.Debug|x64.ActiveCfg = Debug|iPhone
		{79431F56-02D7-4DDA-AF6D-F766E4DDDD90}.Debug|x64.Build.0 = Debug|iPhone
		{79431F56-02D7-4DDA-AF6D-F766E4DDDD90}.Debug|x64.Deploy.0 = Debug|iPhone
		{79431F56-02D7-4DDA-AF6D-F766E4DDDD90}.Debug|x86.ActiveCfg = Debug|iPhone
		{79431F56-02D7-4DDA-AF6D-F766E4DDDD90}.Debug|x86.Build.0 = Debug|iPhone
		{79431F56-02D7-4DDA-AF6D-F766E4DDDD90}.Debug|x86.Deploy.0 = Debug|iPhone
		{79431F56-02D7-4DDA-AF6D-F766E4DDDD90}.Release|Any CPU.ActiveCfg = Release|iPhone
		{79431F56-02D7-4DDA-AF6D-F766E4DDDD90}.Release|Any CPU.Build.0 = Release|iPhone
		{79431F56-02D7-4DDA-AF6D-F766E4DDDD90}.Release|Any CPU.Deploy.0 = Release|iPhone
		{79431F56-02D7-4DDA-AF6D-F766E4DDDD90}.Release|ARM.ActiveCfg = Release|iPhone
		{79431F56-02D7-4DDA-AF6D-F766E4DDDD90}.Release|ARM.Build.0 = Release|iPhone
		{79431F56-02D7-4DDA-AF6D-F766E4DDDD90}.Release|ARM.Deploy.0 = Release|iPhone
		{79431F56-02D7-4DDA-AF6D-F766E4DDDD90}.Release|iPhone.ActiveCfg = Release|iPhone
		{79431F56-02D7-4DDA-AF6D-F766E4DDDD90}.Release|iPhone.Build.0 = Release|iPhone
		{79431F56-02D7-4DDA-AF6D-F766E4DDDD90}.Release|iPhone.Deploy.0 = Release|iPhone
		{79431F56-02D7-4DDA-AF6D-F766E4DDDD90}.Release|iPhoneSimulator.ActiveCfg = Release|iPhoneSimulator
		{79431F56-02D7-4DDA-AF6D-F766E4DDDD90}.Release|iPhoneSimulator.Build.0 = Release|iPhoneSimulator
		{79431F56-02D7-4DDA-AF6D-F766E4DDDD90}.Release|iPhoneSimulator.Deploy.0 = Release|iPhoneSimulator
		{79431F56-02D7-4DDA-AF6D-F766E4DDDD90}.Release|x64.ActiveCfg = Release|iPhone
		{79431F56-02D7-4DDA-AF6D-F766E4DDDD90}.Release|x64.Build.0 = Release|iPhone
		{79431F56-02D7-4DDA-AF6D-F766E4DDDD90}.Release|x64.Deploy.0 = Release|iPhone
		{79431F56-02D7-4DDA-AF6D-F766E4DDDD90}.Release|x86.ActiveCfg = Release|iPhone
		{79431F56-02D7-4DDA-AF6D-F766E4DDDD90}.Release|x86.Build.0 = Release|iPhone
		{79431F56-02D7-4DDA-AF6D-F766E4DDDD90}.Release|x86.Deploy.0 = Release|iPhone
		{5EC1F5ED-B1FF-4F7B-8E63-D23287617315}.Debug|Any CPU.ActiveCfg = Debug|Any CPU
		{5EC1F5ED-B1FF-4F7B-8E63-D23287617315}.Debug|Any CPU.Build.0 = Debug|Any CPU
		{5EC1F5ED-B1FF-4F7B-8E63-D23287617315}.Debug|Any CPU.Deploy.0 = Debug|Any CPU
		{5EC1F5ED-B1FF-4F7B-8E63-D23287617315}.Debug|ARM.ActiveCfg = Debug|Any CPU
		{5EC1F5ED-B1FF-4F7B-8E63-D23287617315}.Debug|ARM.Build.0 = Debug|Any CPU
		{5EC1F5ED-B1FF-4F7B-8E63-D23287617315}.Debug|ARM.Deploy.0 = Debug|Any CPU
		{5EC1F5ED-B1FF-4F7B-8E63-D23287617315}.Debug|iPhone.ActiveCfg = Debug|Any CPU
		{5EC1F5ED-B1FF-4F7B-8E63-D23287617315}.Debug|iPhone.Build.0 = Debug|Any CPU
		{5EC1F5ED-B1FF-4F7B-8E63-D23287617315}.Debug|iPhone.Deploy.0 = Debug|Any CPU
		{5EC1F5ED-B1FF-4F7B-8E63-D23287617315}.Debug|iPhoneSimulator.ActiveCfg = Debug|Any CPU
		{5EC1F5ED-B1FF-4F7B-8E63-D23287617315}.Debug|iPhoneSimulator.Build.0 = Debug|Any CPU
		{5EC1F5ED-B1FF-4F7B-8E63-D23287617315}.Debug|iPhoneSimulator.Deploy.0 = Debug|Any CPU
		{5EC1F5ED-B1FF-4F7B-8E63-D23287617315}.Debug|x64.ActiveCfg = Debug|Any CPU
		{5EC1F5ED-B1FF-4F7B-8E63-D23287617315}.Debug|x64.Build.0 = Debug|Any CPU
		{5EC1F5ED-B1FF-4F7B-8E63-D23287617315}.Debug|x64.Deploy.0 = Debug|Any CPU
		{5EC1F5ED-B1FF-4F7B-8E63-D23287617315}.Debug|x86.ActiveCfg = Debug|Any CPU
		{5EC1F5ED-B1FF-4F7B-8E63-D23287617315}.Debug|x86.Build.0 = Debug|Any CPU
		{5EC1F5ED-B1FF-4F7B-8E63-D23287617315}.Debug|x86.Deploy.0 = Debug|Any CPU
		{5EC1F5ED-B1FF-4F7B-8E63-D23287617315}.Release|Any CPU.ActiveCfg = Release|Any CPU
		{5EC1F5ED-B1FF-4F7B-8E63-D23287617315}.Release|Any CPU.Build.0 = Release|Any CPU
		{5EC1F5ED-B1FF-4F7B-8E63-D23287617315}.Release|Any CPU.Deploy.0 = Release|Any CPU
		{5EC1F5ED-B1FF-4F7B-8E63-D23287617315}.Release|ARM.ActiveCfg = Release|Any CPU
		{5EC1F5ED-B1FF-4F7B-8E63-D23287617315}.Release|ARM.Build.0 = Release|Any CPU
		{5EC1F5ED-B1FF-4F7B-8E63-D23287617315}.Release|ARM.Deploy.0 = Release|Any CPU
		{5EC1F5ED-B1FF-4F7B-8E63-D23287617315}.Release|iPhone.ActiveCfg = Release|Any CPU
		{5EC1F5ED-B1FF-4F7B-8E63-D23287617315}.Release|iPhone.Build.0 = Release|Any CPU
		{5EC1F5ED-B1FF-4F7B-8E63-D23287617315}.Release|iPhone.Deploy.0 = Release|Any CPU
		{5EC1F5ED-B1FF-4F7B-8E63-D23287617315}.Release|iPhoneSimulator.ActiveCfg = Release|Any CPU
		{5EC1F5ED-B1FF-4F7B-8E63-D23287617315}.Release|iPhoneSimulator.Build.0 = Release|Any CPU
		{5EC1F5ED-B1FF-4F7B-8E63-D23287617315}.Release|iPhoneSimulator.Deploy.0 = Release|Any CPU
		{5EC1F5ED-B1FF-4F7B-8E63-D23287617315}.Release|x64.ActiveCfg = Release|Any CPU
		{5EC1F5ED-B1FF-4F7B-8E63-D23287617315}.Release|x64.Build.0 = Release|Any CPU
		{5EC1F5ED-B1FF-4F7B-8E63-D23287617315}.Release|x64.Deploy.0 = Release|Any CPU
		{5EC1F5ED-B1FF-4F7B-8E63-D23287617315}.Release|x86.ActiveCfg = Release|Any CPU
		{5EC1F5ED-B1FF-4F7B-8E63-D23287617315}.Release|x86.Build.0 = Release|Any CPU
		{5EC1F5ED-B1FF-4F7B-8E63-D23287617315}.Release|x86.Deploy.0 = Release|Any CPU
	EndGlobalSection
	GlobalSection(SolutionProperties) = preSolution
		HideSolutionNode = FALSE
	EndGlobalSection
	GlobalSection(ExtensibilityGlobals) = postSolution
		SolutionGuid = {15AD5716-158A-41B5-9739-F544A17C5686}
	EndGlobalSection
EndGlobal
